
Microsoft Visual Studio Solution File, Format Version 12.00
# Visual Studio 2012
Project("{FAE04EC0-301F-11D3-BF4B-00C04F79EFBC}") = "GlimpseConsole", "Consle\GlimpseConsole.csproj", "{42DA0276-9A6F-4309-A6C0-C7A24198CD0D}"
EndProject
Global
	GlobalSection(SolutionConfigurationPlatforms) = preSolution
		Debug|Any CPU = Debug|Any CPU
		Release|Any CPU = Release|Any CPU
	EndGlobalSection
	GlobalSection(ProjectConfigurationPlatforms) = postSolution
		{42DA0276-9A6F-4309-A6C0-C7A24198CD0D}.Debug|Any CPU.ActiveCfg = Debug|Any CPU
		{42DA0276-9A6F-4309-A6C0-C7A24198CD0D}.Debug|Any CPU.Build.0 = Debug|Any CPU
		{42DA0276-9A6F-4309-A6C0-C7A24198CD0D}.Release|Any CPU.ActiveCfg = Release|Any CPU
		{42DA0276-9A6F-4309-A6C0-C7A24198CD0D}.Release|Any CPU.Build.0 = Release|Any CPU
	EndGlobalSection
	GlobalSection(MonoDevelopProperties) = preSolution
		StartupItem = Consle\GlimpseConsole.csproj
	EndGlobalSection
EndGlobal
